
Microsoft Visual Studio Solution File, Format Version 12.00
# Visual Studio Version 17
VisualStudioVersion = 17.5.33530.505
MinimumVisualStudioVersion = 10.0.40219.1
Project("{FAE04EC0-301F-11D3-BF4B-00C04F79EFBC}") = "QuarryHealth", "QuarryHealth.csproj", "{6C5C078E-3BAF-4B49-B101-0B3648D24451}"
EndProject
Global
	GlobalSection(SolutionConfigurationPlatforms) = preSolution
		Debug|Any CPU = Debug|Any CPU
		Release|Any CPU = Release|Any CPU
	EndGlobalSection
	GlobalSection(ProjectConfigurationPlatforms) = postSolution
		{6C5C078E-3BAF-4B49-B101-0B3648D24451}.Debug|Any CPU.ActiveCfg = Debug|Any CPU
		{6C5C078E-3BAF-4B49-B101-0B3648D24451}.Debug|Any CPU.Build.0 = Debug|Any CPU
		{6C5C078E-3BAF-4B49-B101-0B3648D24451}.Release|Any CPU.ActiveCfg = Release|Any CPU
		{6C5C078E-3BAF-4B49-B101-0B3648D24451}.Release|Any CPU.Build.0 = Release|Any CPU
	EndGlobalSection
	GlobalSection(SolutionProperties) = preSolution
		HideSolutionNode = FALSE
	EndGlobalSection
	GlobalSection(ExtensibilityGlobals) = postSolution
		SolutionGuid = {95E44A98-803A-4BFC-B6C4-892F4CBD5608}
	EndGlobalSection
EndGlobal
